
Microsoft Visual Studio Solution File, Format Version 12.00
# Visual Studio Version 17
VisualStudioVersion = 17.14.36401.2 d17.14
MinimumVisualStudioVersion = 10.0.40219.1
Project("{FAE04EC0-301F-11D3-BF4B-00C04F79EFBC}") = "NEA Room Booking Prototype", "NEA Room Booking Prototype\NEA Room Booking Prototype.csproj", "{078044A0-BB6C-44CC-A136-600C6E620400}"
EndProject
Global
	GlobalSection(SolutionConfigurationPlatforms) = preSolution
		Debug|Any CPU = Debug|Any CPU
		Release|Any CPU = Release|Any CPU
	EndGlobalSection
	GlobalSection(ProjectConfigurationPlatforms) = postSolution
		{078044A0-BB6C-44CC-A136-600C6E620400}.Debug|Any CPU.ActiveCfg = Debug|Any CPU
		{078044A0-BB6C-44CC-A136-600C6E620400}.Debug|Any CPU.Build.0 = Debug|Any CPU
		{078044A0-BB6C-44CC-A136-600C6E620400}.Release|Any CPU.ActiveCfg = Release|Any CPU
		{078044A0-BB6C-44CC-A136-600C6E620400}.Release|Any CPU.Build.0 = Release|Any CPU
	EndGlobalSection
	GlobalSection(SolutionProperties) = preSolution
		HideSolutionNode = FALSE
	EndGlobalSection
	GlobalSection(ExtensibilityGlobals) = postSolution
		SolutionGuid = {50FCBE4B-F28D-46EA-BDDE-2F67BB91C4EB}
	EndGlobalSection
EndGlobal
